{
  "lockfileVersion": 1,
  "dependencies": {
    "acorn": {
      "version": "4.0.13",
      "resolved": "http://registry.npm.taobao.org/acorn/download/acorn-4.0.13.tgz",
      "integrity": "sha1-EFSVrlNh1pe9GVyCUZLhrX8lN4c="
    },
    "basic-xml2json": {
      "version": "1.0.4",
      "resolved": "http://registry.npm.taobao.org/basic-xml2json/download/basic-xml2json-1.0.4.tgz",
      "integrity": "sha1-v/Y68JFbeo8IDiS/lfqAmZhvMfE="
    },
    "defined": {
      "version": "1.0.0",
      "resolved": "http://registry.npm.taobao.org/defined/download/defined-1.0.0.tgz",
      "integrity": "sha1-yY2bzvdWdBiOEQlpFRGZ45sfppM="
    },
    "detective": {
      "version": "4.5.0",
      "resolved": "http://registry.npm.taobao.org/detective/download/detective-4.5.0.tgz",
      "integrity": "sha1-blqMaybmx6JUsca210kNmOyR7dE="
    },
    "entities": {
      "version": "1.1.1",
      "resolved": "http://registry.npm.taobao.org/entities/download/entities-1.1.1.tgz",
      "integrity": "sha1-blwtClYhtdra7O+AuQ7ftc13cvA="
    },
    "joose": {
      "version": "3.50.0",
      "resolved": "http://registry.npm.taobao.org/joose/download/joose-3.50.0.tgz",
      "integrity": "sha1-CSaCTUP2QKD0c3C/ynSKkpNEtIM="
    },
    "joosex-namespace-depended": {
      "version": "0.18.0",
      "resolved": "http://registry.npm.taobao.org/joosex-namespace-depended/download/joosex-namespace-depended-0.18.0.tgz",
      "integrity": "sha1-PYLBE6MxsrG4YBk6e/P8PtVvnxw="
    },
    "joosex-simplerequest": {
      "version": "0.2.2",
      "resolved": "http://registry.npm.taobao.org/joosex-simplerequest/download/joosex-simplerequest-0.2.2.tgz",
      "integrity": "sha1-DJ4csNAKLnYKvB/e075Jd/gYR8A="
    },
    "json2": {
      "version": "0.4.0",
      "resolved": "http://registry.npm.taobao.org/json2/download/json2-0.4.0.tgz",
      "integrity": "sha1-T2WOqQCsxazX+FZZd/FvQSh4EPk="
    },
    "lodash": {
      "version": "3.10.1",
      "resolved": "http://registry.npm.taobao.org/lodash/download/lodash-3.10.1.tgz",
      "integrity": "sha1-W/Rejkm6QYnhfUgnid/RW9FAt7Y="
    },
    "minimist": {
      "version": "0.0.10",
      "resolved": "http://registry.npm.taobao.org/minimist/download/minimist-0.0.10.tgz",
      "integrity": "sha1-3j+YVD2/lggr5IrRoMfNqDYwHc8="
    },
    "optimist": {
      "version": "0.6.1",
      "resolved": "http://registry.npm.taobao.org/optimist/download/optimist-0.6.1.tgz",
      "integrity": "sha1-2j6nRob6IaGaERwybpDrFaAZZoY="
    },
    "os-tmpdir": {
      "version": "1.0.2",
      "resolved": "http://registry.npm.taobao.org/os-tmpdir/download/os-tmpdir-1.0.2.tgz",
      "integrity": "sha1-u+Z0BseaqFxc/sdm/lc0VV36EnQ="
    },
    "rimraf": {
      "version": "2.2.8",
      "resolved": "http://registry.npm.taobao.org/rimraf/download/rimraf-2.2.8.tgz",
      "integrity": "sha1-5Dm+Kq7jJzIZUnMPmaiSnk/FBYI="
    },
    "safe-buffer": {
      "version": "5.1.1",
      "resolved": "http://registry.npm.taobao.org/safe-buffer/download/safe-buffer-5.1.1.tgz",
      "integrity": "sha1-iTMSr2myEj3vcfV4iQAWce6yyFM="
    },
    "string_decoder": {
      "version": "1.0.3",
      "resolved": "http://registry.npm.taobao.org/string_decoder/download/string_decoder-1.0.3.tgz",
      "integrity": "sha1-D8Z9fBQYJd6UKC3VNr7GubzoYKs="
    },
    "temp": {
      "version": "0.8.3",
      "resolved": "http://registry.npm.taobao.org/temp/download/temp-0.8.3.tgz",
      "integrity": "sha1-4Ma8TSa5AxJEEOT+2BEDAU38H1k="
    },
    "wordwrap": {
      "version": "0.0.3",
      "resolved": "http://registry.npm.taobao.org/wordwrap/download/wordwrap-0.0.3.tgz",
      "integrity": "sha1-o9XabNXAvAAI03I0u68b7WMFkQc="
    }
  }
}
